# @generated by Move, please check-in and do not edit manually.

[move]
version = 3
manifest_digest = "43080EB9173033FE81A0751B4117231EA590EBFBC1C27784EF23A9A13FE146EA"
deps_digest = "F8BBB0CCB2491CA29A3DF03D6F92277A4F3574266507ACD77214D37ECA3F3082"
dependencies = [
  { id = "Iota", name = "Iota" },
]

[[move.package]]
id = "Iota"
source = { git = "https://github.com/iotaledger/iota.git", rev = "devnet", subdir = "crates/iota-framework/packages/iota-framework" }

dependencies = [
  { id = "MoveStdlib", name = "MoveStdlib" },
]

[[move.package]]
id = "MoveStdlib"
source = { git = "https://github.com/iotaledger/iota.git", rev = "devnet", subdir = "crates/iota-framework/packages/move-stdlib" }

[move.toolchain-version]
compiler-version = "1.12.0-rc"
edition = "2024"
flavor = "iota"

[env]

[env.testnet]
chain-id = "2304aa97"
original-published-id = "0x5059078ee51d0080e1b3a17495142768ebe0b60e875404a3247639fb9ed4ab65"
latest-published-id = "0x5059078ee51d0080e1b3a17495142768ebe0b60e875404a3247639fb9ed4ab65"
published-version = "1"

[env.devnet]
chain-id = "e678123a"
original-published-id = "0x1df4db6f2606b727f3e7b6f888812ffa8a10f46df749e68ba0038f164513baa1"
latest-published-id = "0x1df4db6f2606b727f3e7b6f888812ffa8a10f46df749e68ba0038f164513baa1"
published-version = "1"

